
Microsoft Visual Studio Solution File, Format Version 12.00
# Visual Studio 15
VisualStudioVersion = 15.0.26730.15
MinimumVisualStudioVersion = 10.0.40219.1
Project("{FAE04EC0-301F-11D3-BF4B-00C04F79EFBC}") = "StateGrid4", "StateGrid4\StateGrid4.csproj", "{910A555C-AF48-44E4-9C4B-2F7D361E93CF}"
EndProject
Project("{FAE04EC0-301F-11D3-BF4B-00C04F79EFBC}") = "StateGrid4.Data", "Data\StateGrid4.Data.csproj", "{9EB89E29-AAD4-4570-B95F-1BB0E45C0B62}"
EndProject
Project("{FAE04EC0-301F-11D3-BF4B-00C04F79EFBC}") = "StateGrid4.DataDBSpecific", "Data\StateGrid4.DataDBSpecific.csproj", "{CA7F9A31-C742-4D3E-9F5C-A66D8A9085EE}"
EndProject
Global
	GlobalSection(SolutionConfigurationPlatforms) = preSolution
		Debug|Any CPU = Debug|Any CPU
		Release|Any CPU = Release|Any CPU
	EndGlobalSection
	GlobalSection(ProjectConfigurationPlatforms) = postSolution
		{910A555C-AF48-44E4-9C4B-2F7D361E93CF}.Debug|Any CPU.ActiveCfg = Debug|Any CPU
		{910A555C-AF48-44E4-9C4B-2F7D361E93CF}.Debug|Any CPU.Build.0 = Debug|Any CPU
		{910A555C-AF48-44E4-9C4B-2F7D361E93CF}.Release|Any CPU.ActiveCfg = Release|Any CPU
		{910A555C-AF48-44E4-9C4B-2F7D361E93CF}.Release|Any CPU.Build.0 = Release|Any CPU
		{9EB89E29-AAD4-4570-B95F-1BB0E45C0B62}.Debug|Any CPU.ActiveCfg = Debug|Any CPU
		{9EB89E29-AAD4-4570-B95F-1BB0E45C0B62}.Debug|Any CPU.Build.0 = Debug|Any CPU
		{9EB89E29-AAD4-4570-B95F-1BB0E45C0B62}.Release|Any CPU.ActiveCfg = Release|Any CPU
		{9EB89E29-AAD4-4570-B95F-1BB0E45C0B62}.Release|Any CPU.Build.0 = Release|Any CPU
		{CA7F9A31-C742-4D3E-9F5C-A66D8A9085EE}.Debug|Any CPU.ActiveCfg = Debug|Any CPU
		{CA7F9A31-C742-4D3E-9F5C-A66D8A9085EE}.Debug|Any CPU.Build.0 = Debug|Any CPU
		{CA7F9A31-C742-4D3E-9F5C-A66D8A9085EE}.Release|Any CPU.ActiveCfg = Release|Any CPU
		{CA7F9A31-C742-4D3E-9F5C-A66D8A9085EE}.Release|Any CPU.Build.0 = Release|Any CPU
	EndGlobalSection
	GlobalSection(SolutionProperties) = preSolution
		HideSolutionNode = FALSE
	EndGlobalSection
	GlobalSection(ExtensibilityGlobals) = postSolution
		SolutionGuid = {C6D2F34D-79EF-4A22-90EC-5360019B3CE8}
	EndGlobalSection
EndGlobal
